# This file is automatically @generated by Cargo.
# It is not intended for manual editing.
version = 4

[[package]]
name = "crossbeam-deque"
version = "0.8.7"
source = "registry+https://github.com/rust-lang/crates.io-index"
checksum = "5181e0de7b61eb03a81e347d6dd8797bae9da5146707b51077e2d71a54ec0ceb"
dependencies = [
 "crossbeam-epoch",
 "crossbeam-utils",
]

[[package]]
name = "crossbeam-epoch"
version = "0.9.20"
source = "registry+https://github.com/rust-lang/crates.io-index"
checksum = "2d6914041f254d6e9176c01941b21115dcfb7089e55135a35411081bd106ef3f"
dependencies = [
 "crossbeam-utils",
]

[[package]]
name = "crossbeam-utils"
version = "0.8.22"
source = "registry+https://github.com/rust-lang/crates.io-index"
checksum = "61803da095bee82a81bb1a452ecc25d3b2f1416d1897eb86430c6159ef717c17"

[[package]]
name = "either"
version = "1.17.0"
source = "registry+https://github.com/rust-lang/crates.io-index"
checksum = "9e5e8f6c15a24b9a3ee5efec809ccd006d3b30e8b3bb63c39af737c7f87daa1d"

[[package]]
name = "rayon"
version = "1.12.0"
source = "registry+https://github.com/rust-lang/crates.io-index"
checksum = "fb39b166781f92d482534ef4b4b1b2568f42613b53e5b6c160e24cfbfa30926d"
dependencies = [
 "either",
 "rayon-core",
]

[[package]]
name = "rayon-core"
version = "1.13.0"
source = "registry+https://github.com/rust-lang/crates.io-index"
checksum = "22e18b0f0062d30d4230b2e85ff77fdfe4326feb054b9783a3460d8435c8ab91"
dependencies = [
 "crossbeam-deque",
 "crossbeam-utils",
]

[[package]]
name = "spiral-split-anonymous-boundary"
version = "0.0.0"
dependencies = [
 "rayon",
]

[[package]]
name = "spiral-split-assembly-refs"
version = "0.0.0"

[[package]]
name = "spiral-split-binding-header"
version = "0.0.0"

[[package]]
name = "spiral-split-bridge-index"
version = "0.0.0"

[[package]]
name = "spiral-split-bridge-receipt"
version = "0.0.0"
dependencies = [
 "spiral-split-gear-bridge",
]

[[package]]
name = "spiral-split-build"
version = "0.0.0"
dependencies = [
 "rayon",
 "spiral-split-build-checkpoint",
 "spiral-split-build-gap",
]

[[package]]
name = "spiral-split-build-budget"
version = "0.0.0"

[[package]]
name = "spiral-split-build-checkpoint"
version = "0.0.0"

[[package]]
name = "spiral-split-build-gap"
version = "0.0.0"

[[package]]
name = "spiral-split-call-contract"
version = "0.0.0"
dependencies = [
 "spiral-split-call-scope",
 "spiral-split-model",
 "spiral-split-pattern-contract",
]

[[package]]
name = "spiral-split-call-scope"
version = "0.0.0"
dependencies = [
 "spiral-split-capture-parameter",
 "spiral-split-pattern-contract",
]

[[package]]
name = "spiral-split-caller-projection"
version = "0.0.0"
dependencies = [
 "spiral-split-call-contract",
 "spiral-split-model",
 "spiral-split-record-owner",
]

[[package]]
name = "spiral-split-capture-closure"
version = "0.0.0"

[[package]]
name = "spiral-split-capture-parameter"
version = "0.0.0"

[[package]]
name = "spiral-split-cli"
version = "0.0.0"
dependencies = [
 "rayon",
 "spiral-split-build",
 "spiral-split-cross-stage-relink",
 "spiral-split-eligible-resume",
 "spiral-split-emit",
 "spiral-split-gear-executor",
 "spiral-split-gear-hydration",
 "spiral-split-gears",
 "spiral-split-lift",
 "spiral-split-lift-batch",
 "spiral-split-lift-funnel",
 "spiral-split-lift-plan",
 "spiral-split-lift-rewrite",
 "spiral-split-lift-transaction",
 "spiral-split-loc",
 "spiral-split-match-branch",
 "spiral-split-match-owner",
 "spiral-split-metrics",
 "spiral-split-model",
 "spiral-split-plan",
 "spiral-split-recursive-scc",
 "spiral-split-restore-seed",
 "spiral-split-runtime-policy",
 "spiral-split-scan",
 "spiral-split-source",
 "spiral-split-symbols",
 "spiral-split-value-body",
]

[[package]]
name = "spiral-split-companion-resolve"
version = "0.0.0"
dependencies = [
 "spiral-split-model",
]

[[package]]
name = "spiral-split-contextual-constructor"
version = "0.0.0"
dependencies = [
 "rayon",
]

[[package]]
name = "spiral-split-critical-path-witness"
version = "0.0.0"
dependencies = [
 "spiral-split-gears",
]

[[package]]
name = "spiral-split-cross-stage-relink"
version = "0.0.0"
dependencies = [
 "spiral-split-cross-stage-thread",
 "spiral-split-lift-rewrite",
]

[[package]]
name = "spiral-split-cross-stage-thread"
version = "0.0.0"
dependencies = [
 "spiral-split-capture-parameter",
]

[[package]]
name = "spiral-split-deferred-ambient"
version = "0.0.0"
dependencies = [
 "spiral-split-lift",
 "spiral-split-lift-plan",
 "spiral-split-model",
]

[[package]]
name = "spiral-split-detached-call"
version = "0.0.0"

[[package]]
name = "spiral-split-dotnet-build-command"
version = "0.0.0"

[[package]]
name = "spiral-split-eligible-resume"
version = "0.0.0"

[[package]]
name = "spiral-split-emit"
version = "0.0.0"
dependencies = [
 "rayon",
 "spiral-split-assembly-refs",
 "spiral-split-call-contract",
 "spiral-split-caller-projection",
 "spiral-split-companion-resolve",
 "spiral-split-forwarded-type",
 "spiral-split-lexical-open",
 "spiral-split-metrics",
 "spiral-split-model",
 "spiral-split-open-order",
 "spiral-split-pattern-owner",
 "spiral-split-record-owner",
 "spiral-split-record-return-owner",
 "spiral-split-text-rewrite",
 "spiral-split-union-context",
 "spiral-split-visibility",
]

[[package]]
name = "spiral-split-forwarded-return"
version = "0.0.0"

[[package]]
name = "spiral-split-forwarded-type"
version = "0.0.0"
dependencies = [
 "spiral-split-call-contract",
 "spiral-split-call-scope",
 "spiral-split-fsharp-lex",
 "spiral-split-model",
]

[[package]]
name = "spiral-split-fsharp-lex"
version = "0.0.0"

[[package]]
name = "spiral-split-funnel-rollback"
version = "0.0.0"

[[package]]
name = "spiral-split-gear-artifact-state"
version = "0.0.0"

[[package]]
name = "spiral-split-gear-bridge"
version = "0.0.0"
dependencies = [
 "rayon",
 "spiral-split-bridge-index",
 "spiral-split-model",
]

[[package]]
name = "spiral-split-gear-execution-trace"
version = "0.0.0"

[[package]]
name = "spiral-split-gear-executor"
version = "0.0.0"
dependencies = [
 "rayon",
 "spiral-split-build-budget",
 "spiral-split-build-checkpoint",
 "spiral-split-dotnet-build-command",
 "spiral-split-gear-artifact-state",
 "spiral-split-gear-execution-trace",
 "spiral-split-gear-fingerprint",
 "spiral-split-gear-receipt",
 "spiral-split-gear-restore",
 "spiral-split-process-supervisor",
]

[[package]]
name = "spiral-split-gear-fingerprint"
version = "0.0.0"

[[package]]
name = "spiral-split-gear-hydration"
version = "0.0.0"
dependencies = [
 "rayon",
 "spiral-split-gear-artifact-state",
 "spiral-split-gear-executor",
 "spiral-split-gear-restore",
]

[[package]]
name = "spiral-split-gear-identity"
version = "0.0.0"
dependencies = [
 "spiral-split-gear-bridge",
 "spiral-split-model",
]

[[package]]
name = "spiral-split-gear-objective"
version = "0.0.0"
dependencies = [
 "spiral-split-model",
]

[[package]]
name = "spiral-split-gear-order"
version = "0.0.0"

[[package]]
name = "spiral-split-gear-plan-cli"
version = "0.0.0"
dependencies = [
 "rayon",
 "spiral-split-critical-path-witness",
 "spiral-split-gear-policy-search",
 "spiral-split-gears",
 "spiral-split-model",
 "spiral-split-plan",
 "spiral-split-scan",
 "spiral-split-source",
 "spiral-split-symbols",
]

[[package]]
name = "spiral-split-gear-policy-search"
version = "0.0.0"
dependencies = [
 "spiral-split-gears",
 "spiral-split-model",
]

[[package]]
name = "spiral-split-gear-receipt"
version = "0.0.0"

[[package]]
name = "spiral-split-gear-restore"
version = "0.0.0"
dependencies = [
 "rayon",
]

[[package]]
name = "spiral-split-gear-scc"
version = "0.0.0"
dependencies = [
 "spiral-split-model",
]

[[package]]
name = "spiral-split-gears"
version = "0.0.0"
dependencies = [
 "rayon",
 "spiral-split-anonymous-boundary",
 "spiral-split-assembly-refs",
 "spiral-split-bridge-receipt",
 "spiral-split-contextual-constructor",
 "spiral-split-emit",
 "spiral-split-gear-bridge",
 "spiral-split-gear-identity",
 "spiral-split-gear-objective",
 "spiral-split-gear-order",
 "spiral-split-gear-scc",
 "spiral-split-generated-dependency",
 "spiral-split-model",
 "spiral-split-union-forward-identity",
]

[[package]]
name = "spiral-split-generated-dependency"
version = "0.0.0"
dependencies = [
 "rayon",
]

[[package]]
name = "spiral-split-lexical-open"
version = "0.0.0"
dependencies = [
 "spiral-split-union-context",
]

[[package]]
name = "spiral-split-lift"
version = "0.0.0"
dependencies = [
 "rayon",
 "spiral-split-binding-header",
 "spiral-split-capture-parameter",
 "spiral-split-model",
]

[[package]]
name = "spiral-split-lift-batch"
version = "0.0.0"
dependencies = [
 "spiral-split-capture-closure",
 "spiral-split-detached-call",
 "spiral-split-fsharp-lex",
 "spiral-split-lift",
 "spiral-split-lift-plan",
 "spiral-split-lift-rewrite",
 "spiral-split-model",
 "spiral-split-recursive-header-stabilize",
]

[[package]]
name = "spiral-split-lift-funnel"
version = "0.0.0"
dependencies = [
 "spiral-split-deferred-ambient",
 "spiral-split-fsharp-lex",
 "spiral-split-funnel-rollback",
 "spiral-split-lift",
 "spiral-split-lift-batch",
 "spiral-split-lift-plan",
 "spiral-split-model",
]

[[package]]
name = "spiral-split-lift-plan"
version = "0.0.0"
dependencies = [
 "rayon",
 "spiral-split-lift",
 "spiral-split-model",
]

[[package]]
name = "spiral-split-lift-probe"
version = "0.0.0"
dependencies = [
 "rayon",
 "spiral-split-lift",
 "spiral-split-lift-funnel",
 "spiral-split-model",
 "spiral-split-plan",
 "spiral-split-scan",
 "spiral-split-source",
 "spiral-split-symbols",
]

[[package]]
name = "spiral-split-lift-rewrite"
version = "0.0.0"
dependencies = [
 "spiral-split-capture-parameter",
 "spiral-split-fsharp-lex",
 "spiral-split-lift",
 "spiral-split-lift-plan",
 "spiral-split-model",
]

[[package]]
name = "spiral-split-lift-transaction"
version = "0.0.0"
dependencies = [
 "spiral-split-lift",
 "spiral-split-lift-batch",
 "spiral-split-lift-funnel",
 "spiral-split-lift-plan",
 "spiral-split-lift-rewrite",
 "spiral-split-match-branch",
 "spiral-split-model",
]

[[package]]
name = "spiral-split-loc"
version = "0.0.0"

[[package]]
name = "spiral-split-match-branch"
version = "0.0.0"
dependencies = [
 "spiral-split-binding-header",
 "spiral-split-capture-parameter",
 "spiral-split-fsharp-lex",
 "spiral-split-lift",
 "spiral-split-model",
]

[[package]]
name = "spiral-split-match-owner"
version = "0.0.0"
dependencies = [
 "spiral-split-binding-header",
 "spiral-split-call-contract",
 "spiral-split-call-scope",
 "spiral-split-match-branch",
 "spiral-split-model",
 "spiral-split-record-owner",
]

[[package]]
name = "spiral-split-matrix"
version = "0.0.0"
dependencies = [
 "spiral-split-build-budget",
 "spiral-split-matrix-receipt",
 "spiral-split-process-supervisor",
]

[[package]]
name = "spiral-split-matrix-receipt"
version = "0.0.0"

[[package]]
name = "spiral-split-member-projection"
version = "0.0.0"

[[package]]
name = "spiral-split-metrics"
version = "0.0.0"
dependencies = [
 "spiral-split-model",
]

[[package]]
name = "spiral-split-model"
version = "0.0.0"

[[package]]
name = "spiral-split-open-order"
version = "0.0.0"
dependencies = [
 "rayon",
 "spiral-split-model",
]

[[package]]
name = "spiral-split-pattern-contract"
version = "0.0.0"
dependencies = [
 "spiral-split-model",
]

[[package]]
name = "spiral-split-pattern-owner"
version = "0.0.0"
dependencies = [
 "spiral-split-forwarded-return",
 "spiral-split-member-projection",
 "spiral-split-model",
 "spiral-split-record-owner",
]

[[package]]
name = "spiral-split-plan"
version = "0.0.0"
dependencies = [
 "spiral-split-model",
]

[[package]]
name = "spiral-split-process-supervisor"
version = "0.0.0"

[[package]]
name = "spiral-split-promotion-guard"
version = "0.0.0"

[[package]]
name = "spiral-split-record-owner"
version = "0.0.0"
dependencies = [
 "spiral-split-call-contract",
 "spiral-split-model",
 "spiral-split-union-context",
]

[[package]]
name = "spiral-split-record-return-owner"
version = "0.0.0"
dependencies = [
 "spiral-split-model",
]

[[package]]
name = "spiral-split-recursive-header-stabilize"
version = "0.0.0"
dependencies = [
 "spiral-split-capture-parameter",
]

[[package]]
name = "spiral-split-recursive-scc"
version = "0.0.0"
dependencies = [
 "spiral-split-binding-header",
 "spiral-split-capture-parameter",
 "spiral-split-lift",
 "spiral-split-lift-plan",
 "spiral-split-model",
]

[[package]]
name = "spiral-split-render-bench"
version = "0.0.0"
dependencies = [
 "spiral-split-anonymous-boundary",
 "spiral-split-contextual-constructor",
 "spiral-split-emit",
 "spiral-split-gear-bridge",
 "spiral-split-gear-scc",
 "spiral-split-gears",
 "spiral-split-model",
 "spiral-split-plan",
 "spiral-split-scan",
 "spiral-split-source",
 "spiral-split-symbols",
 "spiral-split-union-context",
]

[[package]]
name = "spiral-split-restore-seed"
version = "0.0.0"
dependencies = [
 "rayon",
]

[[package]]
name = "spiral-split-runtime-policy"
version = "0.0.0"
dependencies = [
 "rayon",
]

[[package]]
name = "spiral-split-scan"
version = "0.0.0"
dependencies = [
 "spiral-split-model",
]

[[package]]
name = "spiral-split-source"
version = "0.0.0"
dependencies = [
 "spiral-split-model",
]

[[package]]
name = "spiral-split-symbols"
version = "0.0.0"
dependencies = [
 "rayon",
 "spiral-split-model",
]

[[package]]
name = "spiral-split-text-rewrite"
version = "0.0.0"

[[package]]
name = "spiral-split-union-context"
version = "0.0.0"
dependencies = [
 "spiral-split-model",
]

[[package]]
name = "spiral-split-union-forward-identity"
version = "0.0.0"

[[package]]
name = "spiral-split-value-body"
version = "0.0.0"
dependencies = [
 "spiral-split-binding-header",
 "spiral-split-capture-parameter",
 "spiral-split-lift",
 "spiral-split-lift-rewrite",
 "spiral-split-model",
]

[[package]]
name = "spiral-split-visibility"
version = "0.0.0"
