# This file is automatically @generated by Cargo.
# It is not intended for manual editing.
version = 4

[[package]]
name = "adler2"
version = "2.0.1"
source = "registry+https://github.com/rust-lang/crates.io-index"
checksum = "320119579fcad9c21884f5c4861d16174d0e06250625266f50fe6898340abefa"

[[package]]
name = "agile-state-runtime-policy-domain"
version = "0.0.0"

[[package]]
name = "agile-state-transient-schema-domain"
version = "0.0.0"

[[package]]
name = "archive-deflate-domain"
version = "0.0.0"
dependencies = [
 "eoie-rust-std-fs",
 "eoie-rust-std-fs-mutation",
 "zip",
]

[[package]]
name = "authority-state-domain"
version = "0.0.0"

[[package]]
name = "bundle-lifecycle-domain"
version = "0.0.0"

[[package]]
name = "bundle-retention-domain"
version = "0.0.0"
dependencies = [
 "eoie-proxy-search",
 "eoie-rust-std-fs",
]

[[package]]
name = "byteorder"
version = "1.5.0"
source = "registry+https://github.com/rust-lang/crates.io-index"
checksum = "1fd0f2584146f6f2ef48085050886acf353beff7305ebd1ae69500e27c67f64b"

[[package]]
name = "canonical-plan-ir-domain"
version = "0.0.0"

[[package]]
name = "cfg-if"
version = "1.0.4"
source = "registry+https://github.com/rust-lang/crates.io-index"
checksum = "9330f8b2ff13f34540b44e946ef35111825727b38d33286ef986142615121801"

[[package]]
name = "cold-proof-domain"
version = "0.0.0"
dependencies = [
 "eoie-proxy-search",
 "eoie-rust-std-fs",
 "eoie-source-topology",
]

[[package]]
name = "command-spec-domain"
version = "0.0.0"

[[package]]
name = "crc32fast"
version = "1.5.0"
source = "registry+https://github.com/rust-lang/crates.io-index"
checksum = "9481c1c90cbf2ac953f07c8d4a58aa3945c425b7185c9154d67a65e4230da511"
dependencies = [
 "cfg-if",
]

[[package]]
name = "crossbeam-deque"
version = "0.8.7"
source = "registry+https://github.com/rust-lang/crates.io-index"
checksum = "5181e0de7b61eb03a81e347d6dd8797bae9da5146707b51077e2d71a54ec0ceb"
dependencies = [
 "crossbeam-epoch",
 "crossbeam-utils",
]

[[package]]
name = "crossbeam-epoch"
version = "0.9.20"
source = "registry+https://github.com/rust-lang/crates.io-index"
checksum = "2d6914041f254d6e9176c01941b21115dcfb7089e55135a35411081bd106ef3f"
dependencies = [
 "crossbeam-utils",
]

[[package]]
name = "crossbeam-utils"
version = "0.8.22"
source = "registry+https://github.com/rust-lang/crates.io-index"
checksum = "61803da095bee82a81bb1a452ecc25d3b2f1416d1897eb86430c6159ef717c17"

[[package]]
name = "either"
version = "1.16.0"
source = "registry+https://github.com/rust-lang/crates.io-index"
checksum = "91622ff5e7162018101f2fea40d6ebf4a78bbe5a49736a2020649edf9693679e"

[[package]]
name = "eoie-agile-lease"
version = "0.0.0"
dependencies = [
 "agile-state-runtime-policy-domain",
 "command-spec-domain",
 "eoie-agile-policy",
 "eoie-rust-std-fs",
]

[[package]]
name = "eoie-agile-mutation"
version = "0.0.0"
dependencies = [
 "eoie-agile-lease",
 "eoie-agile-state",
 "eoie-handoff",
]

[[package]]
name = "eoie-agile-policy"
version = "0.0.0"

[[package]]
name = "eoie-agile-state"
version = "0.0.0"
dependencies = [
 "agile-state-runtime-policy-domain",
 "agile-state-transient-schema-domain",
 "eoie-agile-lease",
 "eoie-agile-policy",
 "eoie-process",
 "eoie-proxy-search",
 "eoie-rust-std-fs",
 "rayon",
 "state-receipt-codec-core",
 "state-receipt-fingerprint-domain",
 "state-receipt-parser-domain",
 "state-receipt-serializer-domain",
 "state-receipt-tuple-domain",
]

[[package]]
name = "eoie-archive-contracts"
version = "0.0.0"
dependencies = [
 "zip",
]

[[package]]
name = "eoie-archive-tar-runtime"
version = "0.0.0"
dependencies = [
 "archive-deflate-domain",
]

[[package]]
name = "eoie-backup-domain"
version = "0.0.0"

[[package]]
name = "eoie-batch-write"
version = "0.0.0"
dependencies = [
 "canonical-plan-ir-domain",
 "eoie-patch-control-domain",
 "eoie-patch-driver-domain",
 "eoie-process",
 "eoie-proxy-search",
 "eoie-rust-std-fs",
]

[[package]]
name = "eoie-bootstrap-policy"
version = "0.0.0"

[[package]]
name = "eoie-bootstrap-probe"
version = "0.0.0"

[[package]]
name = "eoie-bundle-manifest"
version = "0.0.0"
dependencies = [
 "archive-deflate-domain",
 "eoie-archive-tar-runtime",
 "eoie-process-observation",
 "eoie-rust-std-fs-mutation",
 "zip",
]

[[package]]
name = "eoie-bundle-retention"
version = "0.0.0"
dependencies = [
 "bundle-retention-domain",
 "eoie-process",
 "rayon",
]

[[package]]
name = "eoie-bundle-zip"
version = "0.0.0"
dependencies = [
 "archive-deflate-domain",
 "bundle-lifecycle-domain",
 "cold-proof-domain",
 "eoie-bundle-manifest",
 "eoie-proxy-search",
 "eoie-release-hygiene",
 "eoie-rust-std-fs",
 "eoie-rust-std-fs-mutation",
 "eoie-source-map",
 "evidence-currentness-domain",
 "owner-growth-runtime",
 "rating-guard-runtime",
 "semantic-evidence-domain",
 "state-receipt-codec-core",
 "state-recovered-topology-codec",
]

[[package]]
name = "eoie-cli"
version = "0.0.0"
dependencies = [
 "archive-deflate-domain",
 "authority-state-domain",
 "bundle-retention-domain",
 "canonical-plan-ir-domain",
 "cold-proof-domain",
 "command-spec-domain",
 "eoie-agile-lease",
 "eoie-agile-mutation",
 "eoie-agile-state",
 "eoie-batch-write",
 "eoie-bundle-manifest",
 "eoie-bundle-retention",
 "eoie-compiler-discovery",
 "eoie-coverage-prune",
 "eoie-fs-actions",
 "eoie-handoff",
 "eoie-legacy-operations",
 "eoie-patch-driver-domain",
 "eoie-patch-mutation",
 "eoie-patch-rehearsal",
 "eoie-process-observation",
 "eoie-product-diff",
 "eoie-proxy-search",
 "eoie-release-hygiene",
 "eoie-toolchain-proxy",
 "evidence-currentness-domain",
 "legacy-capability-domain",
 "process-batch-plan-domain",
 "semantic-evidence-domain",
]

[[package]]
name = "eoie-cold-rebuild-matrix"
version = "0.0.0"
dependencies = [
 "eoie-source-map",
]

[[package]]
name = "eoie-compiler-discovery"
version = "0.0.0"
dependencies = [
 "eoie-proxy-search",
]

[[package]]
name = "eoie-contracts"
version = "0.0.0"

[[package]]
name = "eoie-coverage-prune"
version = "0.0.0"
dependencies = [
 "eoie-coverage-smoke",
 "eoie-process",
 "eoie-process-observation",
 "eoie-proxy-search",
 "eoie-rust-std-fs",
]

[[package]]
name = "eoie-coverage-smoke"
version = "0.0.0"
dependencies = [
 "eoie-process-observation",
]

[[package]]
name = "eoie-domain-probe"
version = "0.0.0"

[[package]]
name = "eoie-fs-actions"
version = "0.0.0"
dependencies = [
 "canonical-plan-ir-domain",
 "eoie-patch-control-domain",
 "eoie-patch-driver-domain",
 "eoie-process",
 "eoie-proxy-search",
 "eoie-rust-std-fs",
]

[[package]]
name = "eoie-handoff"
version = "0.0.0"
dependencies = [
 "authority-state-domain",
 "cold-proof-domain",
 "eoie-proxy-search",
 "eoie-rust-std-fs",
 "eoie-source-topology",
 "evidence-currentness-domain",
 "handoff-active-work-projection-domain",
 "handoff-evidence-projection-domain",
 "handoff-sections-projection-domain",
 "handoff-state-projection-domain",
 "semantic-evidence-domain",
]

[[package]]
name = "eoie-ingest-frontier"
version = "0.1.0"

[[package]]
name = "eoie-legacy-operations"
version = "0.0.0"
dependencies = [
 "eoie-bundle-zip",
 "eoie-cold-rebuild-matrix",
 "eoie-coverage-prune",
 "eoie-ingest-frontier",
 "eoie-patch-control-domain",
 "eoie-process",
 "eoie-process-observation",
 "eoie-proxy-search",
 "eoie-rust-std-fs",
 "eoie-source-map",
 "eoie-source-topology",
 "eoie-toolchain-proxy",
 "legacy-capability-domain",
]

[[package]]
name = "eoie-patch-batch"
version = "0.0.0"

[[package]]
name = "eoie-patch-compat-driver"
version = "0.0.0"
dependencies = [
 "eoie-backup-domain",
 "eoie-patch-control-domain",
 "eoie-patch-effect-domain",
 "eoie-patch-orchestration-domain",
 "eoie-patch-source-adapter",
 "eoie-rust-std-fs",
]

[[package]]
name = "eoie-patch-control-domain"
version = "0.0.0"
dependencies = [
 "canonical-plan-ir-domain",
 "eoie-rust-std-fs",
]

[[package]]
name = "eoie-patch-driver-domain"
version = "0.0.0"
dependencies = [
 "eoie-patch-control-domain",
 "eoie-process",
 "eoie-proxy-search",
 "eoie-rust-std-fs",
]

[[package]]
name = "eoie-patch-effect-domain"
version = "0.0.0"

[[package]]
name = "eoie-patch-fallback-domain"
version = "0.0.0"

[[package]]
name = "eoie-patch-grammar"
version = "0.0.0"

[[package]]
name = "eoie-patch-mutation"
version = "0.0.0"
dependencies = [
 "canonical-plan-ir-domain",
 "eoie-patch-compat-driver",
]

[[package]]
name = "eoie-patch-mutation-contracts"
version = "0.0.0"
dependencies = [
 "eoie-patch-mutation",
]

[[package]]
name = "eoie-patch-orchestration-domain"
version = "0.0.0"

[[package]]
name = "eoie-patch-rehearsal"
version = "0.0.0"
dependencies = [
 "canonical-plan-ir-domain",
 "eoie-patch-compat-driver",
 "eoie-process",
]

[[package]]
name = "eoie-patch-scan"
version = "0.0.0"
dependencies = [
 "canonical-plan-ir-domain",
]

[[package]]
name = "eoie-patch-source-adapter"
version = "0.0.0"
dependencies = [
 "canonical-plan-ir-domain",
 "eoie-process",
 "eoie-proxy-search",
 "eoie-rust-std-fs",
]

[[package]]
name = "eoie-patch-transaction-contracts"
version = "0.0.0"
dependencies = [
 "eoie-patch-compat-driver",
]

[[package]]
name = "eoie-policy-probe"
version = "0.0.0"

[[package]]
name = "eoie-process"
version = "0.0.0"
dependencies = [
 "eoie-compiler-discovery",
 "eoie-process-streaming",
]

[[package]]
name = "eoie-process-observation"
version = "0.0.0"
dependencies = [
 "eoie-process",
]

[[package]]
name = "eoie-process-streaming"
version = "0.0.0"

[[package]]
name = "eoie-product-diff"
version = "0.0.0"
dependencies = [
 "eoie-proxy-search",
 "eoie-source-map",
 "rayon",
]

[[package]]
name = "eoie-proxy-search"
version = "0.0.0"
dependencies = [
 "eoie-rust-std-fs",
 "rayon",
]

[[package]]
name = "eoie-release-hygiene"
version = "0.0.0"
dependencies = [
 "eoie-proxy-search",
 "eoie-rust-std-fs",
 "legacy-capability-domain",
]

[[package]]
name = "eoie-rust-std-env"
version = "0.0.0"

[[package]]
name = "eoie-rust-std-fs"
version = "0.0.0"
dependencies = [
 "eoie-rust-std-fs-mutation",
]

[[package]]
name = "eoie-rust-std-fs-mutation"
version = "0.0.0"

[[package]]
name = "eoie-source-map"
version = "0.1.0"
dependencies = [
 "eoie-proxy-search",
]

[[package]]
name = "eoie-source-topology"
version = "0.1.0"
dependencies = [
 "eoie-proxy-search",
]

[[package]]
name = "eoie-toolchain-argument-agile-probe"
version = "0.0.0"
dependencies = [
 "toolchain-argument-domain",
 "toolchain-argument-tail-domain",
]

[[package]]
name = "eoie-toolchain-argument-policy-probe"
version = "0.0.0"
dependencies = [
 "toolchain-argument-domain",
 "toolchain-argument-tail-domain",
]

[[package]]
name = "eoie-toolchain-proxy"
version = "0.0.0"
dependencies = [
 "canonical-plan-ir-domain",
 "command-spec-domain",
 "eoie-process",
 "eoie-process-observation",
 "eoie-proxy-search",
 "process-batch-plan-domain",
 "toolchain-argument-domain",
 "toolchain-argument-tail-domain",
 "toolchain-command-domain",
 "toolchain-runtime-policy-domain",
]

[[package]]
name = "evidence-currentness-domain"
version = "0.0.0"
dependencies = [
 "eoie-patch-control-domain",
 "eoie-proxy-search",
 "eoie-rust-std-fs",
]

[[package]]
name = "flate2"
version = "1.1.9"
source = "registry+https://github.com/rust-lang/crates.io-index"
checksum = "843fba2746e448b37e26a819579957415c8cef339bf08564fe8b7ddbd959573c"
dependencies = [
 "crc32fast",
 "miniz_oxide",
]

[[package]]
name = "handoff-active-work-projection-domain"
version = "0.0.0"

[[package]]
name = "handoff-evidence-projection-domain"
version = "0.0.0"

[[package]]
name = "handoff-sections-projection-domain"
version = "0.0.0"

[[package]]
name = "handoff-state-projection-domain"
version = "0.0.0"

[[package]]
name = "inspection-negative"
version = "0.0.0"
dependencies = [
 "eoie-proxy-search",
]

[[package]]
name = "inspection-policy-probe"
version = "0.0.0"
dependencies = [
 "eoie-proxy-search",
]

[[package]]
name = "legacy-capability-domain"
version = "0.0.0"
dependencies = [
 "eoie-process-observation",
 "eoie-rust-std-fs",
]

[[package]]
name = "miniz_oxide"
version = "0.8.9"
source = "registry+https://github.com/rust-lang/crates.io-index"
checksum = "1fa76a2c86f704bdb222d66965fb3d63269ce38518b83cb0575fca855ebb6316"
dependencies = [
 "adler2",
 "simd-adler32",
]

[[package]]
name = "owner-growth-runtime"
version = "0.0.0"
dependencies = [
 "eoie-bundle-manifest",
 "eoie-proxy-search",
 "eoie-source-map",
]

[[package]]
name = "patch-domain"
version = "0.0.0"
dependencies = [
 "canonical-plan-ir-domain",
 "patch-model",
]

[[package]]
name = "patch-model"
version = "0.0.0"

[[package]]
name = "process-batch-plan-domain"
version = "0.0.0"
dependencies = [
 "eoie-agile-lease",
 "eoie-process-observation",
 "eoie-rust-std-fs",
]

[[package]]
name = "process-batch-plan-policy-probe"
version = "0.0.0"
dependencies = [
 "process-batch-plan-domain",
]

[[package]]
name = "process-batch-plan-resume-probe"
version = "0.0.0"
dependencies = [
 "process-batch-plan-domain",
]

[[package]]
name = "rating-guard-runtime"
version = "0.0.0"

[[package]]
name = "rayon"
version = "1.12.0"
source = "registry+https://github.com/rust-lang/crates.io-index"
checksum = "fb39b166781f92d482534ef4b4b1b2568f42613b53e5b6c160e24cfbfa30926d"
dependencies = [
 "either",
 "rayon-core",
]

[[package]]
name = "rayon-core"
version = "1.13.0"
source = "registry+https://github.com/rust-lang/crates.io-index"
checksum = "22e18b0f0062d30d4230b2e85ff77fdfe4326feb054b9783a3460d8435c8ab91"
dependencies = [
 "crossbeam-deque",
 "crossbeam-utils",
]

[[package]]
name = "semantic-evidence-domain"
version = "0.0.0"
dependencies = [
 "eoie-proxy-search",
 "eoie-rust-std-fs",
]

[[package]]
name = "simd-adler32"
version = "0.3.10"
source = "registry+https://github.com/rust-lang/crates.io-index"
checksum = "3a219298ac11a56ea9a6d2120044824d6f01aeb034955e7af7bc16858527deea"

[[package]]
name = "state-receipt-codec-core"
version = "0.0.0"

[[package]]
name = "state-receipt-fingerprint-domain"
version = "0.0.0"

[[package]]
name = "state-receipt-parser-domain"
version = "0.0.0"

[[package]]
name = "state-receipt-serializer-domain"
version = "0.0.0"

[[package]]
name = "state-receipt-tuple-domain"
version = "0.0.0"

[[package]]
name = "state-recovered-topology-codec"
version = "0.0.0"

[[package]]
name = "toolchain-argument-domain"
version = "0.0.0"

[[package]]
name = "toolchain-argument-tail-domain"
version = "0.0.0"

[[package]]
name = "toolchain-command-domain"
version = "0.0.0"

[[package]]
name = "toolchain-runtime-policy-domain"
version = "0.0.0"

[[package]]
name = "zip"
version = "0.6.6"
source = "registry+https://github.com/rust-lang/crates.io-index"
checksum = "760394e246e4c28189f19d488c058bf16f564016aefac5d32bb1f3b51d5e9261"
dependencies = [
 "byteorder",
 "crc32fast",
 "crossbeam-utils",
 "flate2",
]
